// !$*UTF8*$!
{
	archiveVersion = 1;
	classes = {
	};
	objectVersion = 77;
	objects = {

/* Begin PBXContainerItemProxy section */
		E04E82022E4C7C0500D37EE5 /* PBXContainerItemProxy */ = {
			isa = PBXContainerItemProxy;
			containerPortal = E04E81EA2E4C7C0400D37EE5 /* Project object */;
			proxyType = 1;
			remoteGlobalIDString = E04E81F12E4C7C0400D37EE5;
			remoteInfo = snakelader;
		};
		E04E820C2E4C7C0500D37EE5 /* PBXContainerItemProxy */ = {
			isa = PBXContainerItemProxy;
			containerPortal = E04E81EA2E4C7C0400D37EE5 /* Project object */;
			proxyType = 1;
			remoteGlobalIDString = E04E81F12E4C7C0400D37EE5;
			remoteInfo = snakelader;
		};
/* End PBXContainerItemProxy section */

/* Begin PBXFileReference section */
		E04E81F22E4C7C0400D37EE5 /* snakelader.app */ = {isa = PBXFileReference; explicitFileType = wrapper.application; includeInIndex = 0; path = snakelader.app; sourceTree = BUILT_PRODUCTS_DIR; };
		E04E82012E4C7C0500D37EE5 /* snakeladerTests.xctest */ = {isa = PBXFileReference; explicitFileType = wrapper.cfbundle; includeInIndex = 0; path = snakeladerTests.xctest; sourceTree = BUILT_PRODUCTS_DIR; };
		E04E820B2E4C7C0500D37EE5 /* snakeladerUITests.xctest */ = {isa = PBXFileReference; explicitFileType = wrapper.cfbundle; includeInIndex = 0; path = snakeladerUITests.xctest; sourceTree = BUILT_PRODUCTS_DIR; };
/* End PBXFileReference section */

/* Begin PBXFileSystemSynchronizedRootGroup section */
		E04E81F42E4C7C0400D37EE5 /* snakelader */ = {
			isa = PBXFileSystemSynchronizedRootGroup;
			path = snakelader;
			sourceTree = "<group>";
		};
		E04E82042E4C7C0500D37EE5 /* snakeladerTests */ = {
			isa = PBXFileSystemSynchronizedRootGroup;
			path = snakeladerTests;
			sourceTree = "<group>";
		};
		E04E820E2E4C7C0500D37EE5 /* snakeladerUITests */ = {
			isa = PBXFileSystemSynchronizedRootGroup;
			path = snakeladerUITests;
			sourceTree = "<group>";
		};
/* End PBXFileSystemSynchronizedRootGroup section */

/* Begin PBXFrameworksBuildPhase section */
		E04E81EF2E4C7C0400D37EE5 /* Frameworks */ = {
			isa = PBXFrameworksBuildPhase;
			buildActionMask = 2147483647;
			files = (
			);
			runOnlyForDeploymentPostprocessing = 0;
		};
		E04E81FE2E4C7C0500D37EE5 /* Frameworks */ = {
			isa = PBXFrameworksBuildPhase;
			buildActionMask = 2147483647;
			files = (
			);
			runOnlyForDeploymentPostprocessing = 0;
		};
		E04E82082E4C7C0500D37EE5 /* Frameworks */ = {
			isa = PBXFrameworksBuildPhase;
			buildActionMask = 2147483647;
			files = (
			);
			runOnlyForDeploymentPostprocessing = 0;
		};
/* End PBXFrameworksBuildPhase section */

/* Begin PBXGroup section */
		E04E81E92E4C7C0400D37EE5 = {
			isa = PBXGroup;
			children = (
				E04E81F42E4C7C0400D37EE5 /* snakelader */,
				E04E82042E4C7C0500D37EE5 /* snakeladerTests */,
				E04E820E2E4C7C0500D37EE5 /* snakeladerUITests */,
				E04E81F32E4C7C0400D37EE5 /* Products */,
			);
			sourceTree = "<group>";
		};
		E04E81F32E4C7C0400D37EE5 /* Products */ = {
			isa = PBXGroup;
			children = (
				E04E81F22E4C7C0400D37EE5 /* snakelader.app */,
				E04E82012E4C7C0500D37EE5 /* snakeladerTests.xctest */,
				E04E820B2E4C7C0500D37EE5 /* snakeladerUITests.xctest */,
			);
			name = Products;
			sourceTree = "<group>";
		};
/* End PBXGroup section */

/* Begin PBXNativeTarget section */
		E04E81F12E4C7C0400D37EE5 /* snakelader */ = {
			isa = PBXNativeTarget;
			buildConfigurationList = E04E82152E4C7C0500D37EE5 /* Build configuration list for PBXNativeTarget "snakelader" */;
			buildPhases = (
				E04E81EE2E4C7C0400D37EE5 /* Sources */,
				E04E81EF2E4C7C0400D37EE5 /* Frameworks */,
				E04E81F02E4C7C0400D37EE5 /* Resources */,
			);
			buildRules = (
			);
			dependencies = (
			);
			fileSystemSynchronizedGroups = (
				E04E81F42E4C7C0400D37EE5 /* snakelader */,
			);
			name = snakelader;
			packageProductDependencies = (
			);
			productName = snakelader;
			productReference = E04E81F22E4C7C0400D37EE5 /* snakelader.app */;
			productType = "com.apple.product-type.application";
		};
		E04E82002E4C7C0500D37EE5 /* snakeladerTests */ = {
			isa = PBXNativeTarget;
			buildConfigurationList = E04E82182E4C7C0500D37EE5 /* Build configuration list for PBXNativeTarget "snakeladerTests" */;
			buildPhases = (
				E04E81FD2E4C7C0500D37EE5 /* Sources */,
				E04E81FE2E4C7C0500D37EE5 /* Frameworks */,
				E04E81FF2E4C7C0500D37EE5 /* Resources */,
			);
			buildRules = (
			);
			dependencies = (
				E04E82032E4C7C0500D37EE5 /* PBXTargetDependency */,
			);
			fileSystemSynchronizedGroups = (
				E04E82042E4C7C0500D37EE5 /* snakeladerTests */,
			);
			name = snakeladerTests;
			packageProductDependencies = (
			);
			productName = snakeladerTests;
			productReference = E04E82012E4C7C0500D37EE5 /* snakeladerTests.xctest */;
			productType = "com.apple.product-type.bundle.unit-test";
		};
		E04E820A2E4C7C0500D37EE5 /* snakeladerUITests */ = {
			isa = PBXNativeTarget;
			buildConfigurationList = E04E821B2E4C7C0500D37EE5 /* Build configuration list for PBXNativeTarget "snakeladerUITests" */;
			buildPhases = (
				E04E82072E4C7C0500D37EE5 /* Sources */,
				E04E82082E4C7C0500D37EE5 /* Frameworks */,
				E04E82092E4C7C0500D37EE5 /* Resources */,
			);
			buildRules = (
			);
			dependencies = (
				E04E820D2E4C7C0500D37EE5 /* PBXTargetDependency */,
			);
			fileSystemSynchronizedGroups = (
				E04E820E2E4C7C0500D37EE5 /* snakeladerUITests */,
			);
			name = snakeladerUITests;
			packageProductDependencies = (
			);
			productName = snakeladerUITests;
			productReference = E04E820B2E4C7C0500D37EE5 /* snakeladerUITests.xctest */;
			productType = "com.apple.product-type.bundle.ui-testing";
		};
/* End PBXNativeTarget section */

/* Begin PBXProject section */
		E04E81EA2E4C7C0400D37EE5 /* Project object */ = {
			isa = PBXProject;
			attributes = {
				BuildIndependentTargetsInParallel = 1;
				LastSwiftUpdateCheck = 1630;
				LastUpgradeCheck = 1630;
				TargetAttributes = {
					E04E81F12E4C7C0400D37EE5 = {
						CreatedOnToolsVersion = 16.3;
					};
					E04E82002E4C7C0500D37EE5 = {
						CreatedOnToolsVersion = 16.3;
						TestTargetID = E04E81F12E4C7C0400D37EE5;
					};
					E04E820A2E4C7C0500D37EE5 = {
						CreatedOnToolsVersion = 16.3;
						TestTargetID = E04E81F12E4C7C0400D37EE5;
					};
				};
			};
			buildConfigurationList = E04E81ED2E4C7C0400D37EE5 /* Build configuration list for PBXProject "snakelader" */;
			developmentRegion = en;
			hasScannedForEncodings = 0;
			knownRegions = (
				en,
				Base,
			);
			mainGroup = E04E81E92E4C7C0400D37EE5;
			minimizedProjectReferenceProxies = 1;
			preferredProjectObjectVersion = 77;
			productRefGroup = E04E81F32E4C7C0400D37EE5 /* Products */;
			projectDirPath = "";
			projectRoot = "";
			targets = (
				E04E81F12E4C7C0400D37EE5 /* snakelader */,
				E04E82002E4C7C0500D37EE5 /* snakeladerTests */,
				E04E820A2E4C7C0500D37EE5 /* snakeladerUITests */,
			);
		};
/* End PBXProject section */

/* Begin PBXResourcesBuildPhase section */
		E04E81F02E4C7C0400D37EE5 /* Resources */ = {
			isa = PBXResourcesBuildPhase;
			buildActionMask = 2147483647;
			files = (
			);
			runOnlyForDeploymentPostprocessing = 0;
		};
		E04E81FF2E4C7C0500D37EE5 /* Resources */ = {
			isa = PBXResourcesBuildPhase;
			buildActionMask = 2147483647;
			files = (
			);
			runOnlyForDeploymentPostprocessing = 0;
		};
		E04E82092E4C7C0500D37EE5 /* Resources */ = {
			isa = PBXResourcesBuildPhase;
			buildActionMask = 2147483647;
			files = (
			);
			runOnlyForDeploymentPostprocessing = 0;
		};
/* End PBXResourcesBuildPhase section */

/* Begin PBXSourcesBuildPhase section */
		E04E81EE2E4C7C0400D37EE5 /* Sources */ = {
			isa = PBXSourcesBuildPhase;
			buildActionMask = 2147483647;
			files = (
			);
			runOnlyForDeploymentPostprocessing = 0;
		};
		E04E81FD2E4C7C0500D37EE5 /* Sources */ = {
			isa = PBXSourcesBuildPhase;
			buildActionMask = 2147483647;
			files = (
			);
			runOnlyForDeploymentPostprocessing = 0;
		};
		E04E82072E4C7C0500D37EE5 /* Sources */ = {
			isa = PBXSourcesBuildPhase;
			buildActionMask = 2147483647;
			files = (
			);
			runOnlyForDeploymentPostprocessing = 0;
		};
/* End PBXSourcesBuildPhase section */

/* Begin PBXTargetDependency section */
		E04E82032E4C7C0500D37EE5 /* PBXTargetDependency */ = {
			isa = PBXTargetDependency;
			target = E04E81F12E4C7C0400D37EE5 /* snakelader */;
			targetProxy = E04E82022E4C7C0500D37EE5 /* PBXContainerItemProxy */;
		};
		E04E820D2E4C7C0500D37EE5 /* PBXTargetDependency */ = {
			isa = PBXTargetDependency;
			target = E04E81F12E4C7C0400D37EE5 /* snakelader */;
			targetProxy = E04E820C2E4C7C0500D37EE5 /* PBXContainerItemProxy */;
		};
/* End PBXTargetDependency section */

/* Begin XCBuildConfiguration section */
		E04E82132E4C7C0500D37EE5 /* Debug */ = {
			isa = XCBuildConfiguration;
			buildSettings = {
				ALWAYS_SEARCH_USER_PATHS = NO;
				ASSETCATALOG_COMPILER_GENERATE_SWIFT_ASSET_SYMBOL_EXTENSIONS = YES;
				CLANG_ANALYZER_NONNULL = YES;
				CLANG_ANALYZER_NUMBER_OBJECT_CONVERSION = YES_AGGRESSIVE;
				CLANG_CXX_LANGUAGE_STANDARD = "gnu++20";
				CLANG_ENABLE_MODULES = YES;
				CLANG_ENABLE_OBJC_ARC = YES;
				CLANG_ENABLE_OBJC_WEAK = YES;
				CLANG_WARN_BLOCK_CAPTURE_AUTORELEASING = YES;
				CLANG_WARN_BOOL_CONVERSION = YES;
				CLANG_WARN_COMMA = YES;
				CLANG_WARN_CONSTANT_CONVERSION = YES;
				CLANG_WARN_DEPRECATED_OBJC_IMPLEMENTATIONS = YES;
				CLANG_WARN_DIRECT_OBJC_ISA_USAGE = YES_ERROR;
				CLANG_WARN_DOCUMENTATION_COMMENTS = YES;
				CLANG_WARN_EMPTY_BODY = YES;
				CLANG_WARN_ENUM_CONVERSION = YES;
				CLANG_WARN_INFINITE_RECURSION = YES;
				CLANG_WARN_INT_CONVERSION = YES;
				CLANG_WARN_NON_LITERAL_NULL_CONVERSION = YES;
				CLANG_WARN_OBJC_IMPLICIT_RETAIN_SELF = YES;
				CLANG_WARN_OBJC_LITERAL_CONVERSION = YES;
				CLANG_WARN_OBJC_ROOT_CLASS = YES_ERROR;
				CLANG_WARN_QUOTED_INCLUDE_IN_FRAMEWORK_HEADER = YES;
				CLANG_WARN_RANGE_LOOP_ANALYSIS = YES;
				CLANG_WARN_STRICT_PROTOTYPES = YES;
				CLANG_WARN_SUSPICIOUS_MOVE = YES;
				CLANG_WARN_UNGUARDED_AVAILABILITY = YES_AGGRESSIVE;
				CLANG_WARN_UNREACHABLE_CODE = YES;
				CLANG_WARN__DUPLICATE_METHOD_MATCH = YES;
				COPY_PHASE_STRIP = NO;
				DEBUG_INFORMATION_FORMAT = dwarf;
				DEVELOPMENT_TEAM = 27Z276TA9A;
				ENABLE_STRICT_OBJC_MSGSEND = YES;
				ENABLE_TESTABILITY = YES;
				ENABLE_USER_SCRIPT_SANDBOXING = YES;
				GCC_C_LANGUAGE_STANDARD = gnu17;
				GCC_DYNAMIC_NO_PIC = NO;
				GCC_NO_COMMON_BLOCKS = YES;
				GCC_OPTIMIZATION_LEVEL = 0;
				GCC_PREPROCESSOR_DEFINITIONS = (
					"DEBUG=1",
					"$(inherited)",
				);
				GCC_WARN_64_TO_32_BIT_CONVERSION = YES;
				GCC_WARN_ABOUT_RETURN_TYPE = YES_ERROR;
				GCC_WARN_UNDECLARED_SELECTOR = YES;
				GCC_WARN_UNINITIALIZED_AUTOS = YES_AGGRESSIVE;
				GCC_WARN_UNUSED_FUNCTION = YES;
				GCC_WARN_UNUSED_VARIABLE = YES;
				IPHONEOS_DEPLOYMENT_TARGET = 18.4;
				LOCALIZATION_PREFERS_STRING_CATALOGS = YES;
				MTL_ENABLE_DEBUG_INFO = INCLUDE_SOURCE;
				MTL_FAST_MATH = YES;
				ONLY_ACTIVE_ARCH = YES;
				SDKROOT = iphoneos;
				SWIFT_ACTIVE_COMPILATION_CONDITIONS = "DEBUG $(inherited)";
				SWIFT_OPTIMIZATION_LEVEL = "-Onone";
			};
			name = Debug;
		};
		E04E82142E4C7C0500D37EE5 /* Release */ = {
			isa = XCBuildConfiguration;
			buildSettings = {
				ALWAYS_SEARCH_USER_PATHS = NO;
				ASSETCATALOG_COMPILER_GENERATE_SWIFT_ASSET_SYMBOL_EXTENSIONS = YES;
				CLANG_ANALYZER_NONNULL = YES;
				CLANG_ANALYZER_NUMBER_OBJECT_CONVERSION = YES_AGGRESSIVE;
				CLANG_CXX_LANGUAGE_STANDARD = "gnu++20";
				CLANG_ENABLE_MODULES = YES;
				CLANG_ENABLE_OBJC_ARC = YES;
				CLANG_ENABLE_OBJC_WEAK = YES;
				CLANG_WARN_BLOCK_CAPTURE_AUTORELEASING = YES;
				CLANG_WARN_BOOL_CONVERSION = YES;
				CLANG_WARN_COMMA = YES;
				CLANG_WARN_CONSTANT_CONVERSION = YES;
				CLANG_WARN_DEPRECATED_OBJC_IMPLEMENTATIONS = YES;
				CLANG_WARN_DIRECT_OBJC_ISA_USAGE = YES_ERROR;
				CLANG_WARN_DOCUMENTATION_COMMENTS = YES;
				CLANG_WARN_EMPTY_BODY = YES;
				CLANG_WARN_ENUM_CONVERSION = YES;
				CLANG_WARN_INFINITE_RECURSION = YES;
				CLANG_WARN_INT_CONVERSION = YES;
				CLANG_WARN_NON_LITERAL_NULL_CONVERSION = YES;
				CLANG_WARN_OBJC_IMPLICIT_RETAIN_SELF = YES;
				CLANG_WARN_OBJC_LITERAL_CONVERSION = YES;
				CLANG_WARN_OBJC_ROOT_CLASS = YES_ERROR;
				CLANG_WARN_QUOTED_INCLUDE_IN_FRAMEWORK_HEADER = YES;
				CLANG_WARN_RANGE_LOOP_ANALYSIS = YES;
				CLANG_WARN_STRICT_PROTOTYPES = YES;
				CLANG_WARN_SUSPICIOUS_MOVE = YES;
				CLANG_WARN_UNGUARDED_AVAILABILITY = YES_AGGRESSIVE;
				CLANG_WARN_UNREACHABLE_CODE = YES;
				CLANG_WARN__DUPLICATE_METHOD_MATCH = YES;
				COPY_PHASE_STRIP = NO;
				DEBUG_INFORMATION_FORMAT = "dwarf-with-dsym";
				DEVELOPMENT_TEAM = 27Z276TA9A;
				ENABLE_NS_ASSERTIONS = NO;
				ENABLE_STRICT_OBJC_MSGSEND = YES;
				ENABLE_USER_SCRIPT_SANDBOXING = YES;
				GCC_C_LANGUAGE_STANDARD = gnu17;
				GCC_NO_COMMON_BLOCKS = YES;
				GCC_WARN_64_TO_32_BIT_CONVERSION = YES;
				GCC_WARN_ABOUT_RETURN_TYPE = YES_ERROR;
				GCC_WARN_UNDECLARED_SELECTOR = YES;
				GCC_WARN_UNINITIALIZED_AUTOS = YES_AGGRESSIVE;
				GCC_WARN_UNUSED_FUNCTION = YES;
				GCC_WARN_UNUSED_VARIABLE = YES;
				IPHONEOS_DEPLOYMENT_TARGET = 18.4;
				LOCALIZATION_PREFERS_STRING_CATALOGS = YES;
				MTL_ENABLE_DEBUG_INFO = NO;
				MTL_FAST_MATH = YES;
				SDKROOT = iphoneos;
				SWIFT_COMPILATION_MODE = wholemodule;
				VALIDATE_PRODUCT = YES;
			};
			name = Release;
		};
		E04E82162E4C7C0500D37EE5 /* Debug */ = {
			isa = XCBuildConfiguration;
			buildSettings = {
				ASSETCATALOG_COMPILER_APPICON_NAME = AppIcon;
				ASSETCATALOG_COMPILER_GLOBAL_ACCENT_COLOR_NAME = AccentColor;
				CODE_SIGN_STYLE = Automatic;
				CURRENT_PROJECT_VERSION = 1;
				DEVELOPMENT_TEAM = 27Z276TA9A;
				ENABLE_PREVIEWS = YES;
				GENERATE_INFOPLIST_FILE = YES;
				INFOPLIST_KEY_UIApplicationSceneManifest_Generation = YES;
				INFOPLIST_KEY_UIApplicationSupportsIndirectInputEvents = YES;
				INFOPLIST_KEY_UILaunchScreen_Generation = YES;
				INFOPLIST_KEY_UISupportedInterfaceOrientations_iPad = "UIInterfaceOrientationPortrait UIInterfaceOrientationPortraitUpsideDown UIInterfaceOrientationLandscapeLeft UIInterfaceOrientationLandscapeRight";
				INFOPLIST_KEY_UISupportedInterfaceOrientations_iPhone = "UIInterfaceOrientationPortrait UIInterfaceOrientationLandscapeLeft UIInterfaceOrientationLandscapeRight";
				LD_RUNPATH_SEARCH_PATHS = (
					"$(inherited)",
					"@executable_path/Frameworks",
				);
				MARKETING_VERSION = 1.0;
				PRODUCT_BUNDLE_IDENTIFIER = "Sample-Connectivity.snakelader";
				PRODUCT_NAME = "$(TARGET_NAME)";
				SWIFT_EMIT_LOC_STRINGS = YES;
				SWIFT_VERSION = 5.0;
				TARGETED_DEVICE_FAMILY = "1,2";
			};
			name = Debug;
		};
		E04E82172E4C7C0500D37EE5 /* Release */ = {
			isa = XCBuildConfiguration;
			buildSettings = {
				ASSETCATALOG_COMPILER_APPICON_NAME = AppIcon;
				ASSETCATALOG_COMPILER_GLOBAL_ACCENT_COLOR_NAME = AccentColor;
				CODE_SIGN_STYLE = Automatic;
				CURRENT_PROJECT_VERSION = 1;
				DEVELOPMENT_TEAM = 27Z276TA9A;
				ENABLE_PREVIEWS = YES;
				GENERATE_INFOPLIST_FILE = YES;
				INFOPLIST_KEY_UIApplicationSceneManifest_Generation = YES;
				INFOPLIST_KEY_UIApplicationSupportsIndirectInputEvents = YES;
				INFOPLIST_KEY_UILaunchScreen_Generation = YES;
				INFOPLIST_KEY_UISupportedInterfaceOrientations_iPad = "UIInterfaceOrientationPortrait UIInterfaceOrientationPortraitUpsideDown UIInterfaceOrientationLandscapeLeft UIInterfaceOrientationLandscapeRight";
				INFOPLIST_KEY_UISupportedInterfaceOrientations_iPhone = "UIInterfaceOrientationPortrait UIInterfaceOrientationLandscapeLeft UIInterfaceOrientationLandscapeRight";
				LD_RUNPATH_SEARCH_PATHS = (
					"$(inherited)",
					"@executable_path/Frameworks",
				);
				MARKETING_VERSION = 1.0;
				PRODUCT_BUNDLE_IDENTIFIER = "Sample-Connectivity.snakelader";
				PRODUCT_NAME = "$(TARGET_NAME)";
				SWIFT_EMIT_LOC_STRINGS = YES;
				SWIFT_VERSION = 5.0;
				TARGETED_DEVICE_FAMILY = "1,2";
			};
			name = Release;
		};
		E04E82192E4C7C0500D37EE5 /* Debug */ = {
			isa = XCBuildConfiguration;
			buildSettings = {
				BUNDLE_LOADER = "$(TEST_HOST)";
				CODE_SIGN_STYLE = Automatic;
				CURRENT_PROJECT_VERSION = 1;
				DEVELOPMENT_TEAM = 27Z276TA9A;
				GENERATE_INFOPLIST_FILE = YES;
				IPHONEOS_DEPLOYMENT_TARGET = 18.4;
				MARKETING_VERSION = 1.0;
				PRODUCT_BUNDLE_IDENTIFIER = "Sample-Connectivity.snakeladerTests";
				PRODUCT_NAME = "$(TARGET_NAME)";
				SWIFT_EMIT_LOC_STRINGS = NO;
				SWIFT_VERSION = 5.0;
				TARGETED_DEVICE_FAMILY = "1,2";
				TEST_HOST = "$(BUILT_PRODUCTS_DIR)/snakelader.app/$(BUNDLE_EXECUTABLE_FOLDER_PATH)/snakelader";
			};
			name = Debug;
		};
		E04E821A2E4C7C0500D37EE5 /* Release */ = {
			isa = XCBuildConfiguration;
			buildSettings = {
				BUNDLE_LOADER = "$(TEST_HOST)";
				CODE_SIGN_STYLE = Automatic;
				CURRENT_PROJECT_VERSION = 1;
				DEVELOPMENT_TEAM = 27Z276TA9A;
				GENERATE_INFOPLIST_FILE = YES;
				IPHONEOS_DEPLOYMENT_TARGET = 18.4;
				MARKETING_VERSION = 1.0;
				PRODUCT_BUNDLE_IDENTIFIER = "Sample-Connectivity.snakeladerTests";
				PRODUCT_NAME = "$(TARGET_NAME)";
				SWIFT_EMIT_LOC_STRINGS = NO;
				SWIFT_VERSION = 5.0;
				TARGETED_DEVICE_FAMILY = "1,2";
				TEST_HOST = "$(BUILT_PRODUCTS_DIR)/snakelader.app/$(BUNDLE_EXECUTABLE_FOLDER_PATH)/snakelader";
			};
			name = Release;
		};
		E04E821C2E4C7C0500D37EE5 /* Debug */ = {
			isa = XCBuildConfiguration;
			buildSettings = {
				CODE_SIGN_STYLE = Automatic;
				CURRENT_PROJECT_VERSION = 1;
				DEVELOPMENT_TEAM = 27Z276TA9A;
				GENERATE_INFOPLIST_FILE = YES;
				MARKETING_VERSION = 1.0;
				PRODUCT_BUNDLE_IDENTIFIER = "Sample-Connectivity.snakeladerUITests";
				PRODUCT_NAME = "$(TARGET_NAME)";
				SWIFT_EMIT_LOC_STRINGS = NO;
				SWIFT_VERSION = 5.0;
				TARGETED_DEVICE_FAMILY = "1,2";
				TEST_TARGET_NAME = snakelader;
			};
			name = Debug;
		};
		E04E821D2E4C7C0500D37EE5 /* Release */ = {
			isa = XCBuildConfiguration;
			buildSettings = {
				CODE_SIGN_STYLE = Automatic;
				CURRENT_PROJECT_VERSION = 1;
				DEVELOPMENT_TEAM = 27Z276TA9A;
				GENERATE_INFOPLIST_FILE = YES;
				MARKETING_VERSION = 1.0;
				PRODUCT_BUNDLE_IDENTIFIER = "Sample-Connectivity.snakeladerUITests";
				PRODUCT_NAME = "$(TARGET_NAME)";
				SWIFT_EMIT_LOC_STRINGS = NO;
				SWIFT_VERSION = 5.0;
				TARGETED_DEVICE_FAMILY = "1,2";
				TEST_TARGET_NAME = snakelader;
			};
			name = Release;
		};
/* End XCBuildConfiguration section */

/* Begin XCConfigurationList section */
		E04E81ED2E4C7C0400D37EE5 /* Build configuration list for PBXProject "snakelader" */ = {
			isa = XCConfigurationList;
			buildConfigurations = (
				E04E82132E4C7C0500D37EE5 /* Debug */,
				E04E82142E4C7C0500D37EE5 /* Release */,
			);
			defaultConfigurationIsVisible = 0;
			defaultConfigurationName = Release;
		};
		E04E82152E4C7C0500D37EE5 /* Build configuration list for PBXNativeTarget "snakelader" */ = {
			isa = XCConfigurationList;
			buildConfigurations = (
				E04E82162E4C7C0500D37EE5 /* Debug */,
				E04E82172E4C7C0500D37EE5 /* Release */,
			);
			defaultConfigurationIsVisible = 0;
			defaultConfigurationName = Release;
		};
		E04E82182E4C7C0500D37EE5 /* Build configuration list for PBXNativeTarget "snakeladerTests" */ = {
			isa = XCConfigurationList;
			buildConfigurations = (
				E04E82192E4C7C0500D37EE5 /* Debug */,
				E04E821A2E4C7C0500D37EE5 /* Release */,
			);
			defaultConfigurationIsVisible = 0;
			defaultConfigurationName = Release;
		};
		E04E821B2E4C7C0500D37EE5 /* Build configuration list for PBXNativeTarget "snakeladerUITests" */ = {
			isa = XCConfigurationList;
			buildConfigurations = (
				E04E821C2E4C7C0500D37EE5 /* Debug */,
				E04E821D2E4C7C0500D37EE5 /* Release */,
			);
			defaultConfigurationIsVisible = 0;
			defaultConfigurationName = Release;
		};
/* End XCConfigurationList section */
	};
	rootObject = E04E81EA2E4C7C0400D37EE5 /* Project object */;
}
